
Microsoft Visual Studio Solution File, Format Version 12.00
# Visual Studio Version 17
VisualStudioVersion = 17.0.31903.59
MinimumVisualStudioVersion = 10.0.40219.1
Project("{2150E333-8FDC-42A3-9474-1A3956D46DE8}") = "src", "src", "{827E0CD3-B72D-47B6-A68D-7590B98EB39B}"
EndProject
Project("{FAE04EC0-301F-11D3-BF4B-00C04F79EFBC}") = "Bfocus.Widget.Core", "src\Bfocus.Widget.Core\Bfocus.Widget.Core.csproj", "{7677467C-28C4-49E2-B609-4CE374B58D11}"
EndProject
Project("{FAE04EC0-301F-11D3-BF4B-00C04F79EFBC}") = "Bfocus.Widget.WinForms", "src\Bfocus.Widget.WinForms\Bfocus.Widget.WinForms.csproj", "{3C717E19-8E5F-4549-A217-99B8148983FB}"
EndProject
Project("{FAE04EC0-301F-11D3-BF4B-00C04F79EFBC}") = "Bfocus.Widget.Wpf", "src\Bfocus.Widget.Wpf\Bfocus.Widget.Wpf.csproj", "{66FCDC5B-947A-46C8-ACE9-BE9FED1BFBD5}"
EndProject
Project("{FAE04EC0-301F-11D3-BF4B-00C04F79EFBC}") = "Bfocus.Widget.Maui", "src\Bfocus.Widget.Maui\Bfocus.Widget.Maui.csproj", "{F6E42D8E-E559-41BA-91EB-39EC9E07CD2A}"
EndProject
Project("{2150E333-8FDC-42A3-9474-1A3956D46DE8}") = "tests", "tests", "{0AB3BF05-4346-4AA6-1389-037BE0695223}"
EndProject
Project("{FAE04EC0-301F-11D3-BF4B-00C04F79EFBC}") = "Bfocus.Widget.Tests", "tests\Bfocus.Widget.Tests\Bfocus.Widget.Tests.csproj", "{736C78DF-3331-4BE9-BB2E-3E3F4B2EDC7B}"
EndProject
Project("{2150E333-8FDC-42A3-9474-1A3956D46DE8}") = "examples", "examples", "{B36A84DF-456D-A817-6EDD-3EC3E7F6E11F}"
EndProject
Project("{FAE04EC0-301F-11D3-BF4B-00C04F79EFBC}") = "WinFormsExample", "examples\WinFormsExample\WinFormsExample.csproj", "{D110EFB2-6C9D-4EE2-9206-852D400CEE47}"
EndProject
Project("{FAE04EC0-301F-11D3-BF4B-00C04F79EFBC}") = "WpfExample", "examples\WpfExample\WpfExample.csproj", "{BD9D86AB-432A-4541-A76D-171AB861AA56}"
EndProject
Global
	GlobalSection(SolutionConfigurationPlatforms) = preSolution
		Debug|Any CPU = Debug|Any CPU
		Debug|x64 = Debug|x64
		Debug|x86 = Debug|x86
		Release|Any CPU = Release|Any CPU
		Release|x64 = Release|x64
		Release|x86 = Release|x86
	EndGlobalSection
	GlobalSection(ProjectConfigurationPlatforms) = postSolution
		{7677467C-28C4-49E2-B609-4CE374B58D11}.Debug|Any CPU.ActiveCfg = Debug|Any CPU
		{7677467C-28C4-49E2-B609-4CE374B58D11}.Debug|Any CPU.Build.0 = Debug|Any CPU
		{7677467C-28C4-49E2-B609-4CE374B58D11}.Debug|x64.ActiveCfg = Debug|Any CPU
		{7677467C-28C4-49E2-B609-4CE374B58D11}.Debug|x64.Build.0 = Debug|Any CPU
		{7677467C-28C4-49E2-B609-4CE374B58D11}.Debug|x86.ActiveCfg = Debug|Any CPU
		{7677467C-28C4-49E2-B609-4CE374B58D11}.Debug|x86.Build.0 = Debug|Any CPU
		{7677467C-28C4-49E2-B609-4CE374B58D11}.Release|Any CPU.ActiveCfg = Release|Any CPU
		{7677467C-28C4-49E2-B609-4CE374B58D11}.Release|Any CPU.Build.0 = Release|Any CPU
		{7677467C-28C4-49E2-B609-4CE374B58D11}.Release|x64.ActiveCfg = Release|Any CPU
		{7677467C-28C4-49E2-B609-4CE374B58D11}.Release|x64.Build.0 = Release|Any CPU
		{7677467C-28C4-49E2-B609-4CE374B58D11}.Release|x86.ActiveCfg = Release|Any CPU
		{7677467C-28C4-49E2-B609-4CE374B58D11}.Release|x86.Build.0 = Release|Any CPU
		{3C717E19-8E5F-4549-A217-99B8148983FB}.Debug|Any CPU.ActiveCfg = Debug|Any CPU
		{3C717E19-8E5F-4549-A217-99B8148983FB}.Debug|Any CPU.Build.0 = Debug|Any CPU
		{3C717E19-8E5F-4549-A217-99B8148983FB}.Debug|x64.ActiveCfg = Debug|Any CPU
		{3C717E19-8E5F-4549-A217-99B8148983FB}.Debug|x64.Build.0 = Debug|Any CPU
		{3C717E19-8E5F-4549-A217-99B8148983FB}.Debug|x86.ActiveCfg = Debug|Any CPU
		{3C717E19-8E5F-4549-A217-99B8148983FB}.Debug|x86.Build.0 = Debug|Any CPU
		{3C717E19-8E5F-4549-A217-99B8148983FB}.Release|Any CPU.ActiveCfg = Release|Any CPU
		{3C717E19-8E5F-4549-A217-99B8148983FB}.Release|Any CPU.Build.0 = Release|Any CPU
		{3C717E19-8E5F-4549-A217-99B8148983FB}.Release|x64.ActiveCfg = Release|Any CPU
		{3C717E19-8E5F-4549-A217-99B8148983FB}.Release|x64.Build.0 = Release|Any CPU
		{3C717E19-8E5F-4549-A217-99B8148983FB}.Release|x86.ActiveCfg = Release|Any CPU
		{3C717E19-8E5F-4549-A217-99B8148983FB}.Release|x86.Build.0 = Release|Any CPU
		{66FCDC5B-947A-46C8-ACE9-BE9FED1BFBD5}.Debug|Any CPU.ActiveCfg = Debug|Any CPU
		{66FCDC5B-947A-46C8-ACE9-BE9FED1BFBD5}.Debug|Any CPU.Build.0 = Debug|Any CPU
		{66FCDC5B-947A-46C8-ACE9-BE9FED1BFBD5}.Debug|x64.ActiveCfg = Debug|Any CPU
		{66FCDC5B-947A-46C8-ACE9-BE9FED1BFBD5}.Debug|x64.Build.0 = Debug|Any CPU
		{66FCDC5B-947A-46C8-ACE9-BE9FED1BFBD5}.Debug|x86.ActiveCfg = Debug|Any CPU
		{66FCDC5B-947A-46C8-ACE9-BE9FED1BFBD5}.Debug|x86.Build.0 = Debug|Any CPU
		{66FCDC5B-947A-46C8-ACE9-BE9FED1BFBD5}.Release|Any CPU.ActiveCfg = Release|Any CPU
		{66FCDC5B-947A-46C8-ACE9-BE9FED1BFBD5}.Release|Any CPU.Build.0 = Release|Any CPU
		{66FCDC5B-947A-46C8-ACE9-BE9FED1BFBD5}.Release|x64.ActiveCfg = Release|Any CPU
		{66FCDC5B-947A-46C8-ACE9-BE9FED1BFBD5}.Release|x64.Build.0 = Release|Any CPU
		{66FCDC5B-947A-46C8-ACE9-BE9FED1BFBD5}.Release|x86.ActiveCfg = Release|Any CPU
		{66FCDC5B-947A-46C8-ACE9-BE9FED1BFBD5}.Release|x86.Build.0 = Release|Any CPU
		{F6E42D8E-E559-41BA-91EB-39EC9E07CD2A}.Debug|Any CPU.ActiveCfg = Debug|Any CPU
		{F6E42D8E-E559-41BA-91EB-39EC9E07CD2A}.Debug|Any CPU.Build.0 = Debug|Any CPU
		{F6E42D8E-E559-41BA-91EB-39EC9E07CD2A}.Debug|x64.ActiveCfg = Debug|Any CPU
		{F6E42D8E-E559-41BA-91EB-39EC9E07CD2A}.Debug|x64.Build.0 = Debug|Any CPU
		{F6E42D8E-E559-41BA-91EB-39EC9E07CD2A}.Debug|x86.ActiveCfg = Debug|Any CPU
		{F6E42D8E-E559-41BA-91EB-39EC9E07CD2A}.Debug|x86.Build.0 = Debug|Any CPU
		{F6E42D8E-E559-41BA-91EB-39EC9E07CD2A}.Release|Any CPU.ActiveCfg = Release|Any CPU
		{F6E42D8E-E559-41BA-91EB-39EC9E07CD2A}.Release|Any CPU.Build.0 = Release|Any CPU
		{F6E42D8E-E559-41BA-91EB-39EC9E07CD2A}.Release|x64.ActiveCfg = Release|Any CPU
		{F6E42D8E-E559-41BA-91EB-39EC9E07CD2A}.Release|x64.Build.0 = Release|Any CPU
		{F6E42D8E-E559-41BA-91EB-39EC9E07CD2A}.Release|x86.ActiveCfg = Release|Any CPU
		{F6E42D8E-E559-41BA-91EB-39EC9E07CD2A}.Release|x86.Build.0 = Release|Any CPU
		{736C78DF-3331-4BE9-BB2E-3E3F4B2EDC7B}.Debug|Any CPU.ActiveCfg = Debug|Any CPU
		{736C78DF-3331-4BE9-BB2E-3E3F4B2EDC7B}.Debug|Any CPU.Build.0 = Debug|Any CPU
		{736C78DF-3331-4BE9-BB2E-3E3F4B2EDC7B}.Debug|x64.ActiveCfg = Debug|Any CPU
		{736C78DF-3331-4BE9-BB2E-3E3F4B2EDC7B}.Debug|x64.Build.0 = Debug|Any CPU
		{736C78DF-3331-4BE9-BB2E-3E3F4B2EDC7B}.Debug|x86.ActiveCfg = Debug|Any CPU
		{736C78DF-3331-4BE9-BB2E-3E3F4B2EDC7B}.Debug|x86.Build.0 = Debug|Any CPU
		{736C78DF-3331-4BE9-BB2E-3E3F4B2EDC7B}.Release|Any CPU.ActiveCfg = Release|Any CPU
		{736C78DF-3331-4BE9-BB2E-3E3F4B2EDC7B}.Release|Any CPU.Build.0 = Release|Any CPU
		{736C78DF-3331-4BE9-BB2E-3E3F4B2EDC7B}.Release|x64.ActiveCfg = Release|Any CPU
		{736C78DF-3331-4BE9-BB2E-3E3F4B2EDC7B}.Release|x64.Build.0 = Release|Any CPU
		{736C78DF-3331-4BE9-BB2E-3E3F4B2EDC7B}.Release|x86.ActiveCfg = Release|Any CPU
		{736C78DF-3331-4BE9-BB2E-3E3F4B2EDC7B}.Release|x86.Build.0 = Release|Any CPU
		{D110EFB2-6C9D-4EE2-9206-852D400CEE47}.Debug|Any CPU.ActiveCfg = Debug|Any CPU
		{D110EFB2-6C9D-4EE2-9206-852D400CEE47}.Debug|Any CPU.Build.0 = Debug|Any CPU
		{D110EFB2-6C9D-4EE2-9206-852D400CEE47}.Debug|x64.ActiveCfg = Debug|Any CPU
		{D110EFB2-6C9D-4EE2-9206-852D400CEE47}.Debug|x64.Build.0 = Debug|Any CPU
		{D110EFB2-6C9D-4EE2-9206-852D400CEE47}.Debug|x86.ActiveCfg = Debug|Any CPU
		{D110EFB2-6C9D-4EE2-9206-852D400CEE47}.Debug|x86.Build.0 = Debug|Any CPU
		{D110EFB2-6C9D-4EE2-9206-852D400CEE47}.Release|Any CPU.ActiveCfg = Release|Any CPU
		{D110EFB2-6C9D-4EE2-9206-852D400CEE47}.Release|Any CPU.Build.0 = Release|Any CPU
		{D110EFB2-6C9D-4EE2-9206-852D400CEE47}.Release|x64.ActiveCfg = Release|Any CPU
		{D110EFB2-6C9D-4EE2-9206-852D400CEE47}.Release|x64.Build.0 = Release|Any CPU
		{D110EFB2-6C9D-4EE2-9206-852D400CEE47}.Release|x86.ActiveCfg = Release|Any CPU
		{D110EFB2-6C9D-4EE2-9206-852D400CEE47}.Release|x86.Build.0 = Release|Any CPU
		{BD9D86AB-432A-4541-A76D-171AB861AA56}.Debug|Any CPU.ActiveCfg = Debug|Any CPU
		{BD9D86AB-432A-4541-A76D-171AB861AA56}.Debug|Any CPU.Build.0 = Debug|Any CPU
		{BD9D86AB-432A-4541-A76D-171AB861AA56}.Debug|x64.ActiveCfg = Debug|Any CPU
		{BD9D86AB-432A-4541-A76D-171AB861AA56}.Debug|x64.Build.0 = Debug|Any CPU
		{BD9D86AB-432A-4541-A76D-171AB861AA56}.Debug|x86.ActiveCfg = Debug|Any CPU
		{BD9D86AB-432A-4541-A76D-171AB861AA56}.Debug|x86.Build.0 = Debug|Any CPU
		{BD9D86AB-432A-4541-A76D-171AB861AA56}.Release|Any CPU.ActiveCfg = Release|Any CPU
		{BD9D86AB-432A-4541-A76D-171AB861AA56}.Release|Any CPU.Build.0 = Release|Any CPU
		{BD9D86AB-432A-4541-A76D-171AB861AA56}.Release|x64.ActiveCfg = Release|Any CPU
		{BD9D86AB-432A-4541-A76D-171AB861AA56}.Release|x64.Build.0 = Release|Any CPU
		{BD9D86AB-432A-4541-A76D-171AB861AA56}.Release|x86.ActiveCfg = Release|Any CPU
		{BD9D86AB-432A-4541-A76D-171AB861AA56}.Release|x86.Build.0 = Release|Any CPU
	EndGlobalSection
	GlobalSection(SolutionProperties) = preSolution
		HideSolutionNode = FALSE
	EndGlobalSection
	GlobalSection(NestedProjects) = preSolution
		{7677467C-28C4-49E2-B609-4CE374B58D11} = {827E0CD3-B72D-47B6-A68D-7590B98EB39B}
		{3C717E19-8E5F-4549-A217-99B8148983FB} = {827E0CD3-B72D-47B6-A68D-7590B98EB39B}
		{66FCDC5B-947A-46C8-ACE9-BE9FED1BFBD5} = {827E0CD3-B72D-47B6-A68D-7590B98EB39B}
		{F6E42D8E-E559-41BA-91EB-39EC9E07CD2A} = {827E0CD3-B72D-47B6-A68D-7590B98EB39B}
		{736C78DF-3331-4BE9-BB2E-3E3F4B2EDC7B} = {0AB3BF05-4346-4AA6-1389-037BE0695223}
		{D110EFB2-6C9D-4EE2-9206-852D400CEE47} = {B36A84DF-456D-A817-6EDD-3EC3E7F6E11F}
		{BD9D86AB-432A-4541-A76D-171AB861AA56} = {B36A84DF-456D-A817-6EDD-3EC3E7F6E11F}
	EndGlobalSection
EndGlobal
